{
  "version": 4,
  "terraform_version": "1.15.4",
  "serial": 1,
  "lineage": "d69a8256-10a7-f91a-c06f-1764c62ee971",
  "outputs": {},
  "resources": [
    {
      "mode": "managed",
      "type": "local_file",
      "name": "devops",
      "provider": "provider[\"registry.terraform.io/hashicorp/local\"]",
      "instances": [
        {
          "schema_version": 0,
          "attributes": {
            "content": "Server DevOps berhasil dibuat",
            "content_base64": null,
            "content_base64sha256": "LsHZ7c9QC/iQGncKv2FOv7GryN0er0jqP7RIyfcHTMU=",
            "content_base64sha512": "BD6iqcdRipenyvt7AEmQfcftv/kzQninwq2YLqCpk2i12JcbZf17jp9z/jNFotuMz/Pa2MTltR0r1bEKruGsKQ==",
            "content_md5": "2d2fe46f919d582b203675a9de3ac685",
            "content_sha1": "9d67f0b03e16a93a84512606d29802eac536ba93",
            "content_sha256": "2ec1d9edcf500bf8901a770abf614ebfb1abc8dd1eaf48ea3fb448c9f7074cc5",
            "content_sha512": "043ea2a9c7518a97a7cafb7b0049907dc7edbff9334278a7c2ad982ea0a99368b5d8971b65fd7b8e9f73fe3345a2db8ccff3dad8c4e5b51d2bd5b10aaee1ac29",
            "directory_permission": "0777",
            "file_permission": "0777",
            "filename": "server.txt",
            "id": "9d67f0b03e16a93a84512606d29802eac536ba93",
            "sensitive_content": null,
            "source": null
          },
          "sensitive_attributes": [
            [
              {
                "type": "get_attr",
                "value": "sensitive_content"
              }
            ]
          ],
          "identity_schema_version": 0
        }
      ]
    }
  ],
  "check_results": null
}
